
Microsoft Visual Studio Solution File, Format Version 10.00
# Visual Studio 2008
Project("{FAE04EC0-301F-11D3-BF4B-00C04F79EFBC}") = "Hell_v2", "Hell_v2\Hell_v2.csproj", "{B4690E3E-34A3-4797-88BB-2BC31C333976}"
EndProject
Global
	GlobalSection(SolutionConfigurationPlatforms) = preSolution
		Debug|Any CPU = Debug|Any CPU
		Release|Any CPU = Release|Any CPU
	EndGlobalSection
	GlobalSection(ProjectConfigurationPlatforms) = postSolution
		{B4690E3E-34A3-4797-88BB-2BC31C333976}.Debug|Any CPU.ActiveCfg = Debug|Any CPU
		{B4690E3E-34A3-4797-88BB-2BC31C333976}.Debug|Any CPU.Build.0 = Debug|Any CPU
		{B4690E3E-34A3-4797-88BB-2BC31C333976}.Release|Any CPU.ActiveCfg = Release|Any CPU
		{B4690E3E-34A3-4797-88BB-2BC31C333976}.Release|Any CPU.Build.0 = Release|Any CPU
	EndGlobalSection
	GlobalSection(SolutionProperties) = preSolution
		HideSolutionNode = FALSE
	EndGlobalSection
EndGlobal
